
Microsoft Visual Studio Solution File, Format Version 12.00
# Visual Studio Version 17
VisualStudioVersion = 17.6.34302.98
MinimumVisualStudioVersion = 10.0.40219.1
Project("{FAE04EC0-301F-11D3-BF4B-00C04F79EFBC}") = "NunitTest", "NunitTest.csproj", "{DB55DB11-B16C-487F-9878-0AC017478F0A}"
EndProject
Global
	GlobalSection(SolutionConfigurationPlatforms) = preSolution
		Debug|Any CPU = Debug|Any CPU
		Release|Any CPU = Release|Any CPU
	EndGlobalSection
	GlobalSection(ProjectConfigurationPlatforms) = postSolution
		{DB55DB11-B16C-487F-9878-0AC017478F0A}.Debug|Any CPU.ActiveCfg = Debug|Any CPU
		{DB55DB11-B16C-487F-9878-0AC017478F0A}.Debug|Any CPU.Build.0 = Debug|Any CPU
		{DB55DB11-B16C-487F-9878-0AC017478F0A}.Release|Any CPU.ActiveCfg = Release|Any CPU
		{DB55DB11-B16C-487F-9878-0AC017478F0A}.Release|Any CPU.Build.0 = Release|Any CPU
	EndGlobalSection
	GlobalSection(SolutionProperties) = preSolution
		HideSolutionNode = FALSE
	EndGlobalSection
	GlobalSection(ExtensibilityGlobals) = postSolution
		SolutionGuid = {F88D5E64-AD76-4169-AB7D-ED380306BC56}
	EndGlobalSection
EndGlobal
